
Microsoft Visual Studio Solution File, Format Version 12.00
# Visual Studio Version 17
VisualStudioVersion = 17.4.33122.133
MinimumVisualStudioVersion = 10.0.40219.1
Project("{FAE04EC0-301F-11D3-BF4B-00C04F79EFBC}") = "OAuth2DotNet", "OAuth2DotNet\OAuth2DotNet.csproj", "{EA4587B1-45A6-487B-ACA5-015918E8FC9E}"
EndProject
Global
	GlobalSection(SolutionConfigurationPlatforms) = preSolution
		Debug|Any CPU = Debug|Any CPU
		Release|Any CPU = Release|Any CPU
	EndGlobalSection
	GlobalSection(ProjectConfigurationPlatforms) = postSolution
		{EA4587B1-45A6-487B-ACA5-015918E8FC9E}.Debug|Any CPU.ActiveCfg = Debug|Any CPU
		{EA4587B1-45A6-487B-ACA5-015918E8FC9E}.Debug|Any CPU.Build.0 = Debug|Any CPU
		{EA4587B1-45A6-487B-ACA5-015918E8FC9E}.Release|Any CPU.ActiveCfg = Release|Any CPU
		{EA4587B1-45A6-487B-ACA5-015918E8FC9E}.Release|Any CPU.Build.0 = Release|Any CPU
	EndGlobalSection
	GlobalSection(SolutionProperties) = preSolution
		HideSolutionNode = FALSE
	EndGlobalSection
	GlobalSection(ExtensibilityGlobals) = postSolution
		SolutionGuid = {50AAEA5E-F735-4C98-919D-0018E66138F8}
	EndGlobalSection
EndGlobal
